
Microsoft Visual Studio Solution File, Format Version 12.00
# Visual Studio 15
Project("{FAE04EC0-301F-11D3-BF4B-00C04F79EFBC}") = "YTCaptions.Android", "YTCaptions.Android\YTCaptions.Android.csproj", "{3B1F28D2-0EBB-4027-B007-705ECE8DCCDE}"
EndProject
Project("{FAE04EC0-301F-11D3-BF4B-00C04F79EFBC}") = "YTCaptions.iOS", "YTCaptions.iOS\YTCaptions.iOS.csproj", "{77EA7700-C4C5-4C9E-BFCE-324C2FF24A6A}"
EndProject
Project("{FAE04EC0-301F-11D3-BF4B-00C04F79EFBC}") = "YTCaptions", "YTCaptions\YTCaptions.csproj", "{08F685B9-F6AD-4D8D-98C6-BC86DFA1A733}"
EndProject
Global
	GlobalSection(SolutionConfigurationPlatforms) = preSolution
		Debug|Any CPU = Debug|Any CPU
		Release|Any CPU = Release|Any CPU
		Debug|iPhoneSimulator = Debug|iPhoneSimulator
		Release|iPhoneSimulator = Release|iPhoneSimulator
		Debug|iPhone = Debug|iPhone
		Release|iPhone = Release|iPhone
	EndGlobalSection
	GlobalSection(ProjectConfigurationPlatforms) = postSolution
		{3B1F28D2-0EBB-4027-B007-705ECE8DCCDE}.Debug|Any CPU.ActiveCfg = Debug|Any CPU
		{3B1F28D2-0EBB-4027-B007-705ECE8DCCDE}.Debug|Any CPU.Build.0 = Debug|Any CPU
		{3B1F28D2-0EBB-4027-B007-705ECE8DCCDE}.Release|Any CPU.ActiveCfg = Release|Any CPU
		{3B1F28D2-0EBB-4027-B007-705ECE8DCCDE}.Release|Any CPU.Build.0 = Release|Any CPU
		{3B1F28D2-0EBB-4027-B007-705ECE8DCCDE}.Debug|iPhoneSimulator.ActiveCfg = Debug|Any CPU
		{3B1F28D2-0EBB-4027-B007-705ECE8DCCDE}.Debug|iPhoneSimulator.Build.0 = Debug|Any CPU
		{3B1F28D2-0EBB-4027-B007-705ECE8DCCDE}.Release|iPhoneSimulator.ActiveCfg = Release|Any CPU
		{3B1F28D2-0EBB-4027-B007-705ECE8DCCDE}.Release|iPhoneSimulator.Build.0 = Release|Any CPU
		{3B1F28D2-0EBB-4027-B007-705ECE8DCCDE}.Debug|iPhone.ActiveCfg = Debug|Any CPU
		{3B1F28D2-0EBB-4027-B007-705ECE8DCCDE}.Debug|iPhone.Build.0 = Debug|Any CPU
		{3B1F28D2-0EBB-4027-B007-705ECE8DCCDE}.Release|iPhone.ActiveCfg = Release|Any CPU
		{3B1F28D2-0EBB-4027-B007-705ECE8DCCDE}.Release|iPhone.Build.0 = Release|Any CPU
		{77EA7700-C4C5-4C9E-BFCE-324C2FF24A6A}.Debug|Any CPU.ActiveCfg = Debug|iPhoneSimulator
		{77EA7700-C4C5-4C9E-BFCE-324C2FF24A6A}.Debug|Any CPU.Build.0 = Debug|iPhoneSimulator
		{77EA7700-C4C5-4C9E-BFCE-324C2FF24A6A}.Release|Any CPU.ActiveCfg = Release|iPhoneSimulator
		{77EA7700-C4C5-4C9E-BFCE-324C2FF24A6A}.Release|Any CPU.Build.0 = Release|iPhoneSimulator
		{77EA7700-C4C5-4C9E-BFCE-324C2FF24A6A}.Debug|iPhoneSimulator.ActiveCfg = Debug|iPhoneSimulator
		{77EA7700-C4C5-4C9E-BFCE-324C2FF24A6A}.Debug|iPhoneSimulator.Build.0 = Debug|iPhoneSimulator
		{77EA7700-C4C5-4C9E-BFCE-324C2FF24A6A}.Release|iPhoneSimulator.ActiveCfg = Release|iPhoneSimulator
		{77EA7700-C4C5-4C9E-BFCE-324C2FF24A6A}.Release|iPhoneSimulator.Build.0 = Release|iPhoneSimulator
		{77EA7700-C4C5-4C9E-BFCE-324C2FF24A6A}.Debug|iPhone.ActiveCfg = Debug|iPhone
		{77EA7700-C4C5-4C9E-BFCE-324C2FF24A6A}.Debug|iPhone.Build.0 = Debug|iPhone
		{77EA7700-C4C5-4C9E-BFCE-324C2FF24A6A}.Release|iPhone.ActiveCfg = Release|iPhone
		{77EA7700-C4C5-4C9E-BFCE-324C2FF24A6A}.Release|iPhone.Build.0 = Release|iPhone
		{08F685B9-F6AD-4D8D-98C6-BC86DFA1A733}.Debug|Any CPU.ActiveCfg = Debug|Any CPU
		{08F685B9-F6AD-4D8D-98C6-BC86DFA1A733}.Debug|Any CPU.Build.0 = Debug|Any CPU
		{08F685B9-F6AD-4D8D-98C6-BC86DFA1A733}.Release|Any CPU.ActiveCfg = Release|Any CPU
		{08F685B9-F6AD-4D8D-98C6-BC86DFA1A733}.Release|Any CPU.Build.0 = Release|Any CPU
		{08F685B9-F6AD-4D8D-98C6-BC86DFA1A733}.Debug|iPhoneSimulator.ActiveCfg = Debug|Any CPU
		{08F685B9-F6AD-4D8D-98C6-BC86DFA1A733}.Debug|iPhoneSimulator.Build.0 = Debug|Any CPU
		{08F685B9-F6AD-4D8D-98C6-BC86DFA1A733}.Release|iPhoneSimulator.ActiveCfg = Release|Any CPU
		{08F685B9-F6AD-4D8D-98C6-BC86DFA1A733}.Release|iPhoneSimulator.Build.0 = Release|Any CPU
		{08F685B9-F6AD-4D8D-98C6-BC86DFA1A733}.Debug|iPhone.ActiveCfg = Debug|Any CPU
		{08F685B9-F6AD-4D8D-98C6-BC86DFA1A733}.Debug|iPhone.Build.0 = Debug|Any CPU
		{08F685B9-F6AD-4D8D-98C6-BC86DFA1A733}.Release|iPhone.ActiveCfg = Release|Any CPU
		{08F685B9-F6AD-4D8D-98C6-BC86DFA1A733}.Release|iPhone.Build.0 = Release|Any CPU
	EndGlobalSection
EndGlobal
